
Microsoft Visual Studio Solution File, Format Version 12.00
# Visual Studio Version 17
VisualStudioVersion = 17.14.36127.28 d17.14
MinimumVisualStudioVersion = 10.0.40219.1
Project("{FAE04EC0-301F-11D3-BF4B-00C04F79EFBC}") = "EXTTRA05-Atividade", "EXTTRA05-Atividade\EXTTRA05-Atividade.csproj", "{D3251294-54F4-40FE-B5B3-6D8027FB3CBA}"
EndProject
Global
	GlobalSection(SolutionConfigurationPlatforms) = preSolution
		Debug|Any CPU = Debug|Any CPU
		Release|Any CPU = Release|Any CPU
	EndGlobalSection
	GlobalSection(ProjectConfigurationPlatforms) = postSolution
		{D3251294-54F4-40FE-B5B3-6D8027FB3CBA}.Debug|Any CPU.ActiveCfg = Debug|Any CPU
		{D3251294-54F4-40FE-B5B3-6D8027FB3CBA}.Debug|Any CPU.Build.0 = Debug|Any CPU
		{D3251294-54F4-40FE-B5B3-6D8027FB3CBA}.Release|Any CPU.ActiveCfg = Release|Any CPU
		{D3251294-54F4-40FE-B5B3-6D8027FB3CBA}.Release|Any CPU.Build.0 = Release|Any CPU
	EndGlobalSection
	GlobalSection(SolutionProperties) = preSolution
		HideSolutionNode = FALSE
	EndGlobalSection
	GlobalSection(ExtensibilityGlobals) = postSolution
		SolutionGuid = {2AE31762-AACD-4F71-AFD5-899E61C11708}
	EndGlobalSection
EndGlobal
