
Microsoft Visual Studio Solution File, Format Version 12.00
# Visual Studio Version 17
VisualStudioVersion = 17.14.36127.28 d17.14
MinimumVisualStudioVersion = 10.0.40219.1
Project("{FAE04EC0-301F-11D3-BF4B-00C04F79EFBC}") = "13-Atividade", "13-Atividade\13-Atividade.csproj", "{CCA81E21-92B9-4E63-9032-BE0C42DA9E61}"
EndProject
Global
	GlobalSection(SolutionConfigurationPlatforms) = preSolution
		Debug|Any CPU = Debug|Any CPU
		Release|Any CPU = Release|Any CPU
	EndGlobalSection
	GlobalSection(ProjectConfigurationPlatforms) = postSolution
		{CCA81E21-92B9-4E63-9032-BE0C42DA9E61}.Debug|Any CPU.ActiveCfg = Debug|Any CPU
		{CCA81E21-92B9-4E63-9032-BE0C42DA9E61}.Debug|Any CPU.Build.0 = Debug|Any CPU
		{CCA81E21-92B9-4E63-9032-BE0C42DA9E61}.Release|Any CPU.ActiveCfg = Release|Any CPU
		{CCA81E21-92B9-4E63-9032-BE0C42DA9E61}.Release|Any CPU.Build.0 = Release|Any CPU
	EndGlobalSection
	GlobalSection(SolutionProperties) = preSolution
		HideSolutionNode = FALSE
	EndGlobalSection
	GlobalSection(ExtensibilityGlobals) = postSolution
		SolutionGuid = {C99C1E16-FDF4-4F3D-9EA4-D887D48ABF6E}
	EndGlobalSection
EndGlobal
